
Microsoft Visual Studio Solution File, Format Version 12.00
# Visual Studio Version 17
VisualStudioVersion = 17.14.35906.104 d17.14
MinimumVisualStudioVersion = 10.0.40219.1
Project("{FAE04EC0-301F-11D3-BF4B-00C04F79EFBC}") = "StudentDashboardApp", "StudentDashboardApp.csproj", "{DE52BD17-6440-4710-8AE7-9A5135A2899B}"
EndProject
Project("{FAE04EC0-301F-11D3-BF4B-00C04F79EFBC}") = "Model", "Model\Model.csproj", "{D1D374CB-0EA5-4C1D-A96F-BCD677A02B16}"
EndProject
Global
	GlobalSection(SolutionConfigurationPlatforms) = preSolution
		Debug|Any CPU = Debug|Any CPU
		Release|Any CPU = Release|Any CPU
	EndGlobalSection
	GlobalSection(ProjectConfigurationPlatforms) = postSolution
		{DE52BD17-6440-4710-8AE7-9A5135A2899B}.Debug|Any CPU.ActiveCfg = Debug|Any CPU
		{DE52BD17-6440-4710-8AE7-9A5135A2899B}.Debug|Any CPU.Build.0 = Debug|Any CPU
		{DE52BD17-6440-4710-8AE7-9A5135A2899B}.Release|Any CPU.ActiveCfg = Release|Any CPU
		{DE52BD17-6440-4710-8AE7-9A5135A2899B}.Release|Any CPU.Build.0 = Release|Any CPU
		{D1D374CB-0EA5-4C1D-A96F-BCD677A02B16}.Debug|Any CPU.ActiveCfg = Debug|Any CPU
		{D1D374CB-0EA5-4C1D-A96F-BCD677A02B16}.Debug|Any CPU.Build.0 = Debug|Any CPU
		{D1D374CB-0EA5-4C1D-A96F-BCD677A02B16}.Release|Any CPU.ActiveCfg = Release|Any CPU
		{D1D374CB-0EA5-4C1D-A96F-BCD677A02B16}.Release|Any CPU.Build.0 = Release|Any CPU
	EndGlobalSection
	GlobalSection(SolutionProperties) = preSolution
		HideSolutionNode = FALSE
	EndGlobalSection
	GlobalSection(ExtensibilityGlobals) = postSolution
		SolutionGuid = {82BCDDCF-64B9-4A50-96C9-AD22A65BB7BD}
	EndGlobalSection
EndGlobal
